
Microsoft Visual Studio Solution File, Format Version 12.00
# Visual Studio Version 17
VisualStudioVersion = 17.12.35707.178
MinimumVisualStudioVersion = 10.0.40219.1
Project("{FAE04EC0-301F-11D3-BF4B-00C04F79EFBC}") = "ExeMonitoringServer", "ExeMonitoringServer\ExeMonitoringServer.csproj", "{4620DBDD-5A2A-416F-9218-C6E7C0CFA853}"
EndProject
Project("{FAE04EC0-301F-11D3-BF4B-00C04F79EFBC}") = "ExeClient", "ExeClient\ExeClient.csproj", "{30E1459D-4ED6-47D6-A40B-93759CF6FC01}"
EndProject
Project("{FAE04EC0-301F-11D3-BF4B-00C04F79EFBC}") = "ExeMonitoringDashboard", "ExeMonitoringDashboard\ExeMonitoringDashboard.csproj", "{CF1F5205-86DD-4F51-AD7B-463B575A46C4}"
EndProject
Project("{FAE04EC0-301F-11D3-BF4B-00C04F79EFBC}") = "ExeMonitoringShared", "ExeMonitoringShared\ExeMonitoringShared.csproj", "{4C0A352B-D77E-44B7-A4E9-24B108B7EF1C}"
EndProject
Global
	GlobalSection(SolutionConfigurationPlatforms) = preSolution
		Debug|Any CPU = Debug|Any CPU
		Release|Any CPU = Release|Any CPU
	EndGlobalSection
	GlobalSection(ProjectConfigurationPlatforms) = postSolution
		{4620DBDD-5A2A-416F-9218-C6E7C0CFA853}.Debug|Any CPU.ActiveCfg = Debug|Any CPU
		{4620DBDD-5A2A-416F-9218-C6E7C0CFA853}.Debug|Any CPU.Build.0 = Debug|Any CPU
		{4620DBDD-5A2A-416F-9218-C6E7C0CFA853}.Release|Any CPU.ActiveCfg = Release|Any CPU
		{4620DBDD-5A2A-416F-9218-C6E7C0CFA853}.Release|Any CPU.Build.0 = Release|Any CPU
		{30E1459D-4ED6-47D6-A40B-93759CF6FC01}.Debug|Any CPU.ActiveCfg = Debug|Any CPU
		{30E1459D-4ED6-47D6-A40B-93759CF6FC01}.Debug|Any CPU.Build.0 = Debug|Any CPU
		{30E1459D-4ED6-47D6-A40B-93759CF6FC01}.Release|Any CPU.ActiveCfg = Release|Any CPU
		{30E1459D-4ED6-47D6-A40B-93759CF6FC01}.Release|Any CPU.Build.0 = Release|Any CPU
		{CF1F5205-86DD-4F51-AD7B-463B575A46C4}.Debug|Any CPU.ActiveCfg = Debug|Any CPU
		{CF1F5205-86DD-4F51-AD7B-463B575A46C4}.Debug|Any CPU.Build.0 = Debug|Any CPU
		{CF1F5205-86DD-4F51-AD7B-463B575A46C4}.Release|Any CPU.ActiveCfg = Release|Any CPU
		{CF1F5205-86DD-4F51-AD7B-463B575A46C4}.Release|Any CPU.Build.0 = Release|Any CPU
		{4C0A352B-D77E-44B7-A4E9-24B108B7EF1C}.Debug|Any CPU.ActiveCfg = Debug|Any CPU
		{4C0A352B-D77E-44B7-A4E9-24B108B7EF1C}.Debug|Any CPU.Build.0 = Debug|Any CPU
		{4C0A352B-D77E-44B7-A4E9-24B108B7EF1C}.Release|Any CPU.ActiveCfg = Release|Any CPU
		{4C0A352B-D77E-44B7-A4E9-24B108B7EF1C}.Release|Any CPU.Build.0 = Release|Any CPU
	EndGlobalSection
	GlobalSection(SolutionProperties) = preSolution
		HideSolutionNode = FALSE
	EndGlobalSection
EndGlobal
